// !$*UTF8*$!
{
	archiveVersion = 1;
	classes = {
	};
	objectVersion = 50;
	objects = {

/* Begin PBXBuildFile section */
		8DAEC045208BC8D300AFB013 /* GoogleService-Info.plist in Resources */ = {isa = PBXBuildFile; fileRef = 8DAEC044208BC8D300AFB013 /* GoogleService-Info.plist */; };
		8DAEC047208BD59500AFB013 /* producerHomeViewController.swift in Sources */ = {isa = PBXBuildFile; fileRef = 8DAEC046208BD59500AFB013 /* producerHomeViewController.swift */; };
		8DAEC049208BDF7900AFB013 /* ConsumerSelectionViewController.swift in Sources */ = {isa = PBXBuildFile; fileRef = 8DAEC048208BDF7900AFB013 /* ConsumerSelectionViewController.swift */; };
		8DAEC04B208BED5F00AFB013 /* EvaluationScreenViewController.swift in Sources */ = {isa = PBXBuildFile; fileRef = 8DAEC04A208BED5F00AFB013 /* EvaluationScreenViewController.swift */; };
		B13EBDF7DDF9754C1C6D5FA9 /* Pods_Connect.framework in Frameworks */ = {isa = PBXBuildFile; fileRef = DB6B6CC0E5C6B9FE6436B880 /* Pods_Connect.framework */; };
		EA7D44D5208B7C2E0065C335 /* userHomeController.swift in Sources */ = {isa = PBXBuildFile; fileRef = EA7D44D4208B7C2E0065C335 /* userHomeController.swift */; };
		EA7D44D7208B8FA50065C335 /* productTableViewCell.swift in Sources */ = {isa = PBXBuildFile; fileRef = EA7D44D6208B8FA50065C335 /* productTableViewCell.swift */; };
		EA7D44DA208B98E70065C335 /* consumerPostsViewController.swift in Sources */ = {isa = PBXBuildFile; fileRef = EA7D44D9208B98E70065C335 /* consumerPostsViewController.swift */; };
		EAD51F32208B303C00D652D8 /* AppDelegate.swift in Sources */ = {isa = PBXBuildFile; fileRef = EAD51F31208B303C00D652D8 /* AppDelegate.swift */; };
		EAD51F34208B303C00D652D8 /* ViewController.swift in Sources */ = {isa = PBXBuildFile; fileRef = EAD51F33208B303C00D652D8 /* ViewController.swift */; };
		EAD51F37208B303C00D652D8 /* Main.storyboard in Resources */ = {isa = PBXBuildFile; fileRef = EAD51F35208B303C00D652D8 /* Main.storyboard */; };
		EAD51F39208B303D00D652D8 /* Assets.xcassets in Resources */ = {isa = PBXBuildFile; fileRef = EAD51F38208B303D00D652D8 /* Assets.xcassets */; };
		EAD51F3C208B303D00D652D8 /* LaunchScreen.storyboard in Resources */ = {isa = PBXBuildFile; fileRef = EAD51F3A208B303D00D652D8 /* LaunchScreen.storyboard */; };
/* End PBXBuildFile section */

/* Begin PBXFileReference section */
		82437678C50B998B1B9473DA /* Pods-Connect.release.xcconfig */ = {isa = PBXFileReference; includeInIndex = 1; lastKnownFileType = text.xcconfig; name = "Pods-Connect.release.xcconfig"; path = "Pods/Target Support Files/Pods-Connect/Pods-Connect.release.xcconfig"; sourceTree = "<group>"; };
		8DAEC044208BC8D300AFB013 /* GoogleService-Info.plist */ = {isa = PBXFileReference; fileEncoding = 4; lastKnownFileType = text.plist.xml; name = "GoogleService-Info.plist"; path = "../../../Downloads/GoogleService-Info.plist"; sourceTree = "<group>"; };
		8DAEC046208BD59500AFB013 /* producerHomeViewController.swift */ = {isa = PBXFileReference; lastKnownFileType = sourcecode.swift; path = producerHomeViewController.swift; sourceTree = "<group>"; };
		8DAEC048208BDF7900AFB013 /* ConsumerSelectionViewController.swift */ = {isa = PBXFileReference; lastKnownFileType = sourcecode.swift; path = ConsumerSelectionViewController.swift; sourceTree = "<group>"; };
		8DAEC04A208BED5F00AFB013 /* EvaluationScreenViewController.swift */ = {isa = PBXFileReference; lastKnownFileType = sourcecode.swift; path = EvaluationScreenViewController.swift; sourceTree = "<group>"; };
		A23137863E46F2D027BB11D6 /* Pods-Connect.debug.xcconfig */ = {isa = PBXFileReference; includeInIndex = 1; lastKnownFileType = text.xcconfig; name = "Pods-Connect.debug.xcconfig"; path = "Pods/Target Support Files/Pods-Connect/Pods-Connect.debug.xcconfig"; sourceTree = "<group>"; };
		DB6B6CC0E5C6B9FE6436B880 /* Pods_Connect.framework */ = {isa = PBXFileReference; explicitFileType = wrapper.framework; includeInIndex = 0; path = Pods_Connect.framework; sourceTree = BUILT_PRODUCTS_DIR; };
		EA7D44D4208B7C2E0065C335 /* userHomeController.swift */ = {isa = PBXFileReference; lastKnownFileType = sourcecode.swift; path = userHomeController.swift; sourceTree = "<group>"; };
		EA7D44D6208B8FA50065C335 /* productTableViewCell.swift */ = {isa = PBXFileReference; lastKnownFileType = sourcecode.swift; path = productTableViewCell.swift; sourceTree = "<group>"; };
		EA7D44D9208B98E70065C335 /* consumerPostsViewController.swift */ = {isa = PBXFileReference; lastKnownFileType = sourcecode.swift; path = consumerPostsViewController.swift; sourceTree = "<group>"; };
		EAD51F2E208B303C00D652D8 /* Connect.app */ = {isa = PBXFileReference; explicitFileType = wrapper.application; includeInIndex = 0; path = Connect.app; sourceTree = BUILT_PRODUCTS_DIR; };
		EAD51F31208B303C00D652D8 /* AppDelegate.swift */ = {isa = PBXFileReference; lastKnownFileType = sourcecode.swift; path = AppDelegate.swift; sourceTree = "<group>"; };
		EAD51F33208B303C00D652D8 /* ViewController.swift */ = {isa = PBXFileReference; lastKnownFileType = sourcecode.swift; path = ViewController.swift; sourceTree = "<group>"; };
		EAD51F36208B303C00D652D8 /* Base */ = {isa = PBXFileReference; lastKnownFileType = file.storyboard; name = Base; path = Base.lproj/Main.storyboard; sourceTree = "<group>"; };
		EAD51F38208B303D00D652D8 /* Assets.xcassets */ = {isa = PBXFileReference; lastKnownFileType = folder.assetcatalog; path = Assets.xcassets; sourceTree = "<group>"; };
		EAD51F3B208B303D00D652D8 /* Base */ = {isa = PBXFileReference; lastKnownFileType = file.storyboard; name = Base; path = Base.lproj/LaunchScreen.storyboard; sourceTree = "<group>"; };
		EAD51F3D208B303D00D652D8 /* Info.plist */ = {isa = PBXFileReference; lastKnownFileType = text.plist.xml; path = Info.plist; sourceTree = "<group>"; };
/* End PBXFileReference section */

/* Begin PBXFrameworksBuildPhase section */
		EAD51F2B208B303C00D652D8 /* Frameworks */ = {
			isa = PBXFrameworksBuildPhase;
			buildActionMask = 2147483647;
			files = (
				B13EBDF7DDF9754C1C6D5FA9 /* Pods_Connect.framework in Frameworks */,
			);
			runOnlyForDeploymentPostprocessing = 0;
		};
/* End PBXFrameworksBuildPhase section */

/* Begin PBXGroup section */
		14AFC8E6A4BEDEB84EA33EEA /* Pods */ = {
			isa = PBXGroup;
			children = (
				A23137863E46F2D027BB11D6 /* Pods-Connect.debug.xcconfig */,
				82437678C50B998B1B9473DA /* Pods-Connect.release.xcconfig */,
			);
			name = Pods;
			sourceTree = "<group>";
		};
		7D8B0B7D36D61B581A32DCAB /* Frameworks */ = {
			isa = PBXGroup;
			children = (
				DB6B6CC0E5C6B9FE6436B880 /* Pods_Connect.framework */,
			);
			name = Frameworks;
			sourceTree = "<group>";
		};
		EAD51F25208B303C00D652D8 = {
			isa = PBXGroup;
			children = (
				EAD51F30208B303C00D652D8 /* Connect */,
				EAD51F2F208B303C00D652D8 /* Products */,
				14AFC8E6A4BEDEB84EA33EEA /* Pods */,
				7D8B0B7D36D61B581A32DCAB /* Frameworks */,
			);
			sourceTree = "<group>";
		};
		EAD51F2F208B303C00D652D8 /* Products */ = {
			isa = PBXGroup;
			children = (
				EAD51F2E208B303C00D652D8 /* Connect.app */,
			);
			name = Products;
			sourceTree = "<group>";
		};
		EAD51F30208B303C00D652D8 /* Connect */ = {
			isa = PBXGroup;
			children = (
				EAD51F31208B303C00D652D8 /* AppDelegate.swift */,
				EAD51F33208B303C00D652D8 /* ViewController.swift */,
				EAD51F35208B303C00D652D8 /* Main.storyboard */,
				EAD51F38208B303D00D652D8 /* Assets.xcassets */,
				EAD51F3A208B303D00D652D8 /* LaunchScreen.storyboard */,
				EAD51F3D208B303D00D652D8 /* Info.plist */,
				8DAEC044208BC8D300AFB013 /* GoogleService-Info.plist */,
				EA7D44D4208B7C2E0065C335 /* userHomeController.swift */,
				EA7D44D6208B8FA50065C335 /* productTableViewCell.swift */,
				EA7D44D9208B98E70065C335 /* consumerPostsViewController.swift */,
				8DAEC046208BD59500AFB013 /* producerHomeViewController.swift */,
				8DAEC048208BDF7900AFB013 /* ConsumerSelectionViewController.swift */,
				8DAEC04A208BED5F00AFB013 /* EvaluationScreenViewController.swift */,
			);
			path = Connect;
			sourceTree = "<group>";
		};
/* End PBXGroup section */

/* Begin PBXNativeTarget section */
		EAD51F2D208B303C00D652D8 /* Connect */ = {
			isa = PBXNativeTarget;
			buildConfigurationList = EAD51F40208B303D00D652D8 /* Build configuration list for PBXNativeTarget "Connect" */;
			buildPhases = (
				2FD2CD88447DBBFC9101E8EE /* [CP] Check Pods Manifest.lock */,
				EAD51F2A208B303C00D652D8 /* Sources */,
				EAD51F2B208B303C00D652D8 /* Frameworks */,
				EAD51F2C208B303C00D652D8 /* Resources */,
				B7FAD05A785D91AC3C7EF859 /* [CP] Embed Pods Frameworks */,
			);
			buildRules = (
			);
			dependencies = (
			);
			name = Connect;
			productName = Connect;
			productReference = EAD51F2E208B303C00D652D8 /* Connect.app */;
			productType = "com.apple.product-type.application";
		};
/* End PBXNativeTarget section */

/* Begin PBXProject section */
		EAD51F26208B303C00D652D8 /* Project object */ = {
			isa = PBXProject;
			attributes = {
				LastSwiftUpdateCheck = 0930;
				LastUpgradeCheck = 0930;
				ORGANIZATIONNAME = "3-gun";
				TargetAttributes = {
					EAD51F2D208B303C00D652D8 = {
						CreatedOnToolsVersion = 9.3;
					};
				};
			};
			buildConfigurationList = EAD51F29208B303C00D652D8 /* Build configuration list for PBXProject "Connect" */;
			compatibilityVersion = "Xcode 9.3";
			developmentRegion = en;
			hasScannedForEncodings = 0;
			knownRegions = (
				en,
				Base,
			);
			mainGroup = EAD51F25208B303C00D652D8;
			productRefGroup = EAD51F2F208B303C00D652D8 /* Products */;
			projectDirPath = "";
			projectRoot = "";
			targets = (
				EAD51F2D208B303C00D652D8 /* Connect */,
			);
		};
/* End PBXProject section */

/* Begin PBXResourcesBuildPhase section */
		EAD51F2C208B303C00D652D8 /* Resources */ = {
			isa = PBXResourcesBuildPhase;
			buildActionMask = 2147483647;
			files = (
				EAD51F3C208B303D00D652D8 /* LaunchScreen.storyboard in Resources */,
				8DAEC045208BC8D300AFB013 /* GoogleService-Info.plist in Resources */,
				EAD51F39208B303D00D652D8 /* Assets.xcassets in Resources */,
				EAD51F37208B303C00D652D8 /* Main.storyboard in Resources */,
			);
			runOnlyForDeploymentPostprocessing = 0;
		};
/* End PBXResourcesBuildPhase section */

/* Begin PBXShellScriptBuildPhase section */
		2FD2CD88447DBBFC9101E8EE /* [CP] Check Pods Manifest.lock */ = {
			isa = PBXShellScriptBuildPhase;
			buildActionMask = 2147483647;
			files = (
			);
			inputPaths = (
				"${PODS_PODFILE_DIR_PATH}/Podfile.lock",
				"${PODS_ROOT}/Manifest.lock",
			);
			name = "[CP] Check Pods Manifest.lock";
			outputPaths = (
				"$(DERIVED_FILE_DIR)/Pods-Connect-checkManifestLockResult.txt",
			);
			runOnlyForDeploymentPostprocessing = 0;
			shellPath = /bin/sh;
			shellScript = "diff \"${PODS_PODFILE_DIR_PATH}/Podfile.lock\" \"${PODS_ROOT}/Manifest.lock\" > /dev/null\nif [ $? != 0 ] ; then\n    # print error to STDERR\n    echo \"error: The sandbox is not in sync with the Podfile.lock. Run 'pod install' or update your CocoaPods installation.\" >&2\n    exit 1\nfi\n# This output is used by Xcode 'outputs' to avoid re-running this script phase.\necho \"SUCCESS\" > \"${SCRIPT_OUTPUT_FILE_0}\"\n";
			showEnvVarsInLog = 0;
		};
		B7FAD05A785D91AC3C7EF859 /* [CP] Embed Pods Frameworks */ = {
			isa = PBXShellScriptBuildPhase;
			buildActionMask = 2147483647;
			files = (
			);
			inputPaths = (
				"${SRCROOT}/Pods/Target Support Files/Pods-Connect/Pods-Connect-frameworks.sh",
				"${BUILT_PRODUCTS_DIR}/GTMSessionFetcher/GTMSessionFetcher.framework",
				"${BUILT_PRODUCTS_DIR}/GoogleToolboxForMac/GoogleToolboxForMac.framework",
				"${BUILT_PRODUCTS_DIR}/TextFieldEffects/TextFieldEffects.framework",
				"${BUILT_PRODUCTS_DIR}/leveldb-library/leveldb.framework",
				"${BUILT_PRODUCTS_DIR}/nanopb/nanopb.framework",
			);
			name = "[CP] Embed Pods Frameworks";
			outputPaths = (
				"${TARGET_BUILD_DIR}/${FRAMEWORKS_FOLDER_PATH}/GTMSessionFetcher.framework",
				"${TARGET_BUILD_DIR}/${FRAMEWORKS_FOLDER_PATH}/GoogleToolboxForMac.framework",
				"${TARGET_BUILD_DIR}/${FRAMEWORKS_FOLDER_PATH}/TextFieldEffects.framework",
				"${TARGET_BUILD_DIR}/${FRAMEWORKS_FOLDER_PATH}/leveldb.framework",
				"${TARGET_BUILD_DIR}/${FRAMEWORKS_FOLDER_PATH}/nanopb.framework",
			);
			runOnlyForDeploymentPostprocessing = 0;
			shellPath = /bin/sh;
			shellScript = "\"${SRCROOT}/Pods/Target Support Files/Pods-Connect/Pods-Connect-frameworks.sh\"\n";
			showEnvVarsInLog = 0;
		};
/* End PBXShellScriptBuildPhase section */

/* Begin PBXSourcesBuildPhase section */
		EAD51F2A208B303C00D652D8 /* Sources */ = {
			isa = PBXSourcesBuildPhase;
			buildActionMask = 2147483647;
			files = (
				8DAEC047208BD59500AFB013 /* producerHomeViewController.swift in Sources */,
				EA7D44D5208B7C2E0065C335 /* userHomeController.swift in Sources */,
				8DAEC049208BDF7900AFB013 /* ConsumerSelectionViewController.swift in Sources */,
				EA7D44D7208B8FA50065C335 /* productTableViewCell.swift in Sources */,
				EAD51F34208B303C00D652D8 /* ViewController.swift in Sources */,
				EAD51F32208B303C00D652D8 /* AppDelegate.swift in Sources */,
				8DAEC04B208BED5F00AFB013 /* EvaluationScreenViewController.swift in Sources */,
				EA7D44DA208B98E70065C335 /* consumerPostsViewController.swift in Sources */,
			);
			runOnlyForDeploymentPostprocessing = 0;
		};
/* End PBXSourcesBuildPhase section */

/* Begin PBXVariantGroup section */
		EAD51F35208B303C00D652D8 /* Main.storyboard */ = {
			isa = PBXVariantGroup;
			children = (
				EAD51F36208B303C00D652D8 /* Base */,
			);
			name = Main.storyboard;
			sourceTree = "<group>";
		};
		EAD51F3A208B303D00D652D8 /* LaunchScreen.storyboard */ = {
			isa = PBXVariantGroup;
			children = (
				EAD51F3B208B303D00D652D8 /* Base */,
			);
			name = LaunchScreen.storyboard;
			sourceTree = "<group>";
		};
/* End PBXVariantGroup section */

/* Begin XCBuildConfiguration section */
		EAD51F3E208B303D00D652D8 /* Debug */ = {
			isa = XCBuildConfiguration;
			buildSettings = {
				ALWAYS_SEARCH_USER_PATHS = NO;
				CLANG_ANALYZER_NONNULL = YES;
				CLANG_ANALYZER_NUMBER_OBJECT_CONVERSION = YES_AGGRESSIVE;
				CLANG_CXX_LANGUAGE_STANDARD = "gnu++14";
				CLANG_CXX_LIBRARY = "libc++";
				CLANG_ENABLE_MODULES = YES;
				CLANG_ENABLE_OBJC_ARC = YES;
				CLANG_ENABLE_OBJC_WEAK = YES;
				CLANG_WARN_BLOCK_CAPTURE_AUTORELEASING = YES;
				CLANG_WARN_BOOL_CONVERSION = YES;
				CLANG_WARN_COMMA = YES;
				CLANG_WARN_CONSTANT_CONVERSION = YES;
				CLANG_WARN_DEPRECATED_OBJC_IMPLEMENTATIONS = YES;
				CLANG_WARN_DIRECT_OBJC_ISA_USAGE = YES_ERROR;
				CLANG_WARN_DOCUMENTATION_COMMENTS = YES;
				CLANG_WARN_EMPTY_BODY = YES;
				CLANG_WARN_ENUM_CONVERSION = YES;
				CLANG_WARN_INFINITE_RECURSION = YES;
				CLANG_WARN_INT_CONVERSION = YES;
				CLANG_WARN_NON_LITERAL_NULL_CONVERSION = YES;
				CLANG_WARN_OBJC_IMPLICIT_RETAIN_SELF = YES;
				CLANG_WARN_OBJC_LITERAL_CONVERSION = YES;
				CLANG_WARN_OBJC_ROOT_CLASS = YES_ERROR;
				CLANG_WARN_RANGE_LOOP_ANALYSIS = YES;
				CLANG_WARN_STRICT_PROTOTYPES = YES;
				CLANG_WARN_SUSPICIOUS_MOVE = YES;
				CLANG_WARN_UNGUARDED_AVAILABILITY = YES_AGGRESSIVE;
				CLANG_WARN_UNREACHABLE_CODE = YES;
				CLANG_WARN__DUPLICATE_METHOD_MATCH = YES;
				CODE_SIGN_IDENTITY = "iPhone Developer";
				COPY_PHASE_STRIP = NO;
				DEBUG_INFORMATION_FORMAT = dwarf;
				ENABLE_STRICT_OBJC_MSGSEND = YES;
				ENABLE_TESTABILITY = YES;
				GCC_C_LANGUAGE_STANDARD = gnu11;
				GCC_DYNAMIC_NO_PIC = NO;
				GCC_NO_COMMON_BLOCKS = YES;
				GCC_OPTIMIZATION_LEVEL = 0;
				GCC_PREPROCESSOR_DEFINITIONS = (
					"DEBUG=1",
					"$(inherited)",
				);
				GCC_WARN_64_TO_32_BIT_CONVERSION = YES;
				GCC_WARN_ABOUT_RETURN_TYPE = YES_ERROR;
				GCC_WARN_UNDECLARED_SELECTOR = YES;
				GCC_WARN_UNINITIALIZED_AUTOS = YES_AGGRESSIVE;
				GCC_WARN_UNUSED_FUNCTION = YES;
				GCC_WARN_UNUSED_VARIABLE = YES;
				IPHONEOS_DEPLOYMENT_TARGET = 11.3;
				MTL_ENABLE_DEBUG_INFO = YES;
				ONLY_ACTIVE_ARCH = YES;
				SDKROOT = iphoneos;
				SWIFT_ACTIVE_COMPILATION_CONDITIONS = DEBUG;
				SWIFT_OPTIMIZATION_LEVEL = "-Onone";
			};
			name = Debug;
		};
		EAD51F3F208B303D00D652D8 /* Release */ = {
			isa = XCBuildConfiguration;
			buildSettings = {
				ALWAYS_SEARCH_USER_PATHS = NO;
				CLANG_ANALYZER_NONNULL = YES;
				CLANG_ANALYZER_NUMBER_OBJECT_CONVERSION = YES_AGGRESSIVE;
				CLANG_CXX_LANGUAGE_STANDARD = "gnu++14";
				CLANG_CXX_LIBRARY = "libc++";
				CLANG_ENABLE_MODULES = YES;
				CLANG_ENABLE_OBJC_ARC = YES;
				CLANG_ENABLE_OBJC_WEAK = YES;
				CLANG_WARN_BLOCK_CAPTURE_AUTORELEASING = YES;
				CLANG_WARN_BOOL_CONVERSION = YES;
				CLANG_WARN_COMMA = YES;
				CLANG_WARN_CONSTANT_CONVERSION = YES;
				CLANG_WARN_DEPRECATED_OBJC_IMPLEMENTATIONS = YES;
				CLANG_WARN_DIRECT_OBJC_ISA_USAGE = YES_ERROR;
				CLANG_WARN_DOCUMENTATION_COMMENTS = YES;
				CLANG_WARN_EMPTY_BODY = YES;
				CLANG_WARN_ENUM_CONVERSION = YES;
				CLANG_WARN_INFINITE_RECURSION = YES;
				CLANG_WARN_INT_CONVERSION = YES;
				CLANG_WARN_NON_LITERAL_NULL_CONVERSION = YES;
				CLANG_WARN_OBJC_IMPLICIT_RETAIN_SELF = YES;
				CLANG_WARN_OBJC_LITERAL_CONVERSION = YES;
				CLANG_WARN_OBJC_ROOT_CLASS = YES_ERROR;
				CLANG_WARN_RANGE_LOOP_ANALYSIS = YES;
				CLANG_WARN_STRICT_PROTOTYPES = YES;
				CLANG_WARN_SUSPICIOUS_MOVE = YES;
				CLANG_WARN_UNGUARDED_AVAILABILITY = YES_AGGRESSIVE;
				CLANG_WARN_UNREACHABLE_CODE = YES;
				CLANG_WARN__DUPLICATE_METHOD_MATCH = YES;
				CODE_SIGN_IDENTITY = "iPhone Developer";
				COPY_PHASE_STRIP = NO;
				DEBUG_INFORMATION_FORMAT = "dwarf-with-dsym";
				ENABLE_NS_ASSERTIONS = NO;
				ENABLE_STRICT_OBJC_MSGSEND = YES;
				GCC_C_LANGUAGE_STANDARD = gnu11;
				GCC_NO_COMMON_BLOCKS = YES;
				GCC_WARN_64_TO_32_BIT_CONVERSION = YES;
				GCC_WARN_ABOUT_RETURN_TYPE = YES_ERROR;
				GCC_WARN_UNDECLARED_SELECTOR = YES;
				GCC_WARN_UNINITIALIZED_AUTOS = YES_AGGRESSIVE;
				GCC_WARN_UNUSED_FUNCTION = YES;
				GCC_WARN_UNUSED_VARIABLE = YES;
				IPHONEOS_DEPLOYMENT_TARGET = 11.3;
				MTL_ENABLE_DEBUG_INFO = NO;
				SDKROOT = iphoneos;
				SWIFT_COMPILATION_MODE = wholemodule;
				SWIFT_OPTIMIZATION_LEVEL = "-O";
				VALIDATE_PRODUCT = YES;
			};
			name = Release;
		};
		EAD51F41208B303D00D652D8 /* Debug */ = {
			isa = XCBuildConfiguration;
			baseConfigurationReference = A23137863E46F2D027BB11D6 /* Pods-Connect.debug.xcconfig */;
			buildSettings = {
				ASSETCATALOG_COMPILER_APPICON_NAME = AppIcon;
				CODE_SIGN_STYLE = Automatic;
				DEVELOPMENT_TEAM = URT7G4TP66;
				INFOPLIST_FILE = Connect/Info.plist;
				IPHONEOS_DEPLOYMENT_TARGET = 11.3;
				LD_RUNPATH_SEARCH_PATHS = "$(inherited) @executable_path/Frameworks";
				PRODUCT_BUNDLE_IDENTIFIER = "jp.spajam.3-gun.Connect";
				PRODUCT_NAME = "$(TARGET_NAME)";
				SWIFT_VERSION = 4.0;
				TARGETED_DEVICE_FAMILY = "1,2";
			};
			name = Debug;
		};
		EAD51F42208B303D00D652D8 /* Release */ = {
			isa = XCBuildConfiguration;
			baseConfigurationReference = 82437678C50B998B1B9473DA /* Pods-Connect.release.xcconfig */;
			buildSettings = {
				ASSETCATALOG_COMPILER_APPICON_NAME = AppIcon;
				CODE_SIGN_STYLE = Automatic;
				DEVELOPMENT_TEAM = URT7G4TP66;
				INFOPLIST_FILE = Connect/Info.plist;
				IPHONEOS_DEPLOYMENT_TARGET = 11.3;
				LD_RUNPATH_SEARCH_PATHS = "$(inherited) @executable_path/Frameworks";
				PRODUCT_BUNDLE_IDENTIFIER = "jp.spajam.3-gun.Connect";
				PRODUCT_NAME = "$(TARGET_NAME)";
				SWIFT_VERSION = 4.0;
				TARGETED_DEVICE_FAMILY = "1,2";
			};
			name = Release;
		};
/* End XCBuildConfiguration section */

/* Begin XCConfigurationList section */
		EAD51F29208B303C00D652D8 /* Build configuration list for PBXProject "Connect" */ = {
			isa = XCConfigurationList;
			buildConfigurations = (
				EAD51F3E208B303D00D652D8 /* Debug */,
				EAD51F3F208B303D00D652D8 /* Release */,
			);
			defaultConfigurationIsVisible = 0;
			defaultConfigurationName = Release;
		};
		EAD51F40208B303D00D652D8 /* Build configuration list for PBXNativeTarget "Connect" */ = {
			isa = XCConfigurationList;
			buildConfigurations = (
				EAD51F41208B303D00D652D8 /* Debug */,
				EAD51F42208B303D00D652D8 /* Release */,
			);
			defaultConfigurationIsVisible = 0;
			defaultConfigurationName = Release;
		};
/* End XCConfigurationList section */
	};
	rootObject = EAD51F26208B303C00D652D8 /* Project object */;
}
